{
  "object": {
    "pins": [
      {
        "package": "SwiftCLI",
        "repositoryURL": "https://github.com/jakeheis/SwiftCLI",
        "state": {
          "branch": null,
          "revision": "0adede8b520efad6206aa04729ae6063f8be690b",
          "version": "4.0.0"
        }
      }
    ]
  },
  "version": 1
}
