// !$*UTF8*$!
{
	archiveVersion = 1;
	classes = {
	};
	objectVersion = 46;
	objects = {

/* Begin PBXBuildFile section */
		AB1D26FE1ED8D41F007C46C2 /* Discover.swift in Sources */ = {isa = PBXBuildFile; fileRef = AB1D26FD1ED8D41F007C46C2 /* Discover.swift */; };
		AB1D27031ED8D4B5007C46C2 /* Platform.swift in Sources */ = {isa = PBXBuildFile; fileRef = AB1D27021ED8D4B5007C46C2 /* Platform.swift */; };
		AB1D27091ED8E191007C46C2 /* CommandBus.swift in Sources */ = {isa = PBXBuildFile; fileRef = AB1D27071ED8E084007C46C2 /* CommandBus.swift */; };
		AB1D270B1ED8E1A8007C46C2 /* Discovery.swift in Sources */ = {isa = PBXBuildFile; fileRef = AB1D27051ED8D849007C46C2 /* Discovery.swift */; };
		AB1D270F1ED8E26F007C46C2 /* DiscoveryOption.swift in Sources */ = {isa = PBXBuildFile; fileRef = AB1D270E1ED8E26F007C46C2 /* DiscoveryOption.swift */; };
		AB1D27141ED8F1EB007C46C2 /* IOSFinder.swift in Sources */ = {isa = PBXBuildFile; fileRef = AB1D27131ED8F1EB007C46C2 /* IOSFinder.swift */; };
		AB1D27161ED8F201007C46C2 /* AndroidFinder.swift in Sources */ = {isa = PBXBuildFile; fileRef = AB1D27151ED8F201007C46C2 /* AndroidFinder.swift */; };
		AB1D27191ED8F315007C46C2 /* FinderProtocol.swift in Sources */ = {isa = PBXBuildFile; fileRef = AB1D27181ED8F315007C46C2 /* FinderProtocol.swift */; };
		AB1D271B1ED8F33F007C46C2 /* Device.swift in Sources */ = {isa = PBXBuildFile; fileRef = AB1D271A1ED8F33F007C46C2 /* Device.swift */; };
		AB1D271D1ED8F516007C46C2 /* Finder.swift in Sources */ = {isa = PBXBuildFile; fileRef = AB1D271C1ED8F516007C46C2 /* Finder.swift */; };
		AB9777C21ED7A10E00222EAC /* MayonFramework.framework in Frameworks */ = {isa = PBXBuildFile; fileRef = OBJ_43 /* MayonFramework.framework */; };
		OBJ_77 /* Version.swift in Sources */ = {isa = PBXBuildFile; fileRef = OBJ_10 /* Version.swift */; };
		OBJ_86 /* main.swift in Sources */ = {isa = PBXBuildFile; fileRef = OBJ_12 /* main.swift */; };
		OBJ_87 /* Commander.swift in Sources */ = {isa = PBXBuildFile; fileRef = OBJ_14 /* Commander.swift */; };
/* End PBXBuildFile section */

/* Begin PBXFileReference section */
		AB1D26FD1ED8D41F007C46C2 /* Discover.swift */ = {isa = PBXFileReference; fileEncoding = 4; lastKnownFileType = sourcecode.swift; path = Discover.swift; sourceTree = "<group>"; };
		AB1D27021ED8D4B5007C46C2 /* Platform.swift */ = {isa = PBXFileReference; fileEncoding = 4; lastKnownFileType = sourcecode.swift; path = Platform.swift; sourceTree = "<group>"; };
		AB1D27051ED8D849007C46C2 /* Discovery.swift */ = {isa = PBXFileReference; fileEncoding = 4; lastKnownFileType = sourcecode.swift; path = Discovery.swift; sourceTree = "<group>"; };
		AB1D27071ED8E084007C46C2 /* CommandBus.swift */ = {isa = PBXFileReference; fileEncoding = 4; lastKnownFileType = sourcecode.swift; path = CommandBus.swift; sourceTree = "<group>"; };
		AB1D270E1ED8E26F007C46C2 /* DiscoveryOption.swift */ = {isa = PBXFileReference; fileEncoding = 4; lastKnownFileType = sourcecode.swift; path = DiscoveryOption.swift; sourceTree = "<group>"; };
		AB1D27131ED8F1EB007C46C2 /* IOSFinder.swift */ = {isa = PBXFileReference; fileEncoding = 4; lastKnownFileType = sourcecode.swift; path = IOSFinder.swift; sourceTree = "<group>"; };
		AB1D27151ED8F201007C46C2 /* AndroidFinder.swift */ = {isa = PBXFileReference; fileEncoding = 4; lastKnownFileType = sourcecode.swift; path = AndroidFinder.swift; sourceTree = "<group>"; };
		AB1D27181ED8F315007C46C2 /* FinderProtocol.swift */ = {isa = PBXFileReference; fileEncoding = 4; lastKnownFileType = sourcecode.swift; path = FinderProtocol.swift; sourceTree = "<group>"; };
		AB1D271A1ED8F33F007C46C2 /* Device.swift */ = {isa = PBXFileReference; fileEncoding = 4; lastKnownFileType = sourcecode.swift; path = Device.swift; sourceTree = "<group>"; };
		AB1D271C1ED8F516007C46C2 /* Finder.swift */ = {isa = PBXFileReference; fileEncoding = 4; lastKnownFileType = sourcecode.swift; path = Finder.swift; sourceTree = "<group>"; };
		AB9777C41ED7B49C00222EAC /* Info.plist */ = {isa = PBXFileReference; lastKnownFileType = text.plist.xml; path = Info.plist; sourceTree = "<group>"; };
		ABD3DC911EDB72A5006CABEE /* MobileDevice-Bridging-Header.h */ = {isa = PBXFileReference; lastKnownFileType = sourcecode.c.h; path = "MobileDevice-Bridging-Header.h"; sourceTree = "<group>"; };
		ABD3DC921EDB72A5006CABEE /* MobileDevice.h */ = {isa = PBXFileReference; lastKnownFileType = sourcecode.c.h; path = MobileDevice.h; sourceTree = "<group>"; };
		OBJ_10 /* Version.swift */ = {isa = PBXFileReference; lastKnownFileType = sourcecode.swift; path = Version.swift; sourceTree = "<group>"; };
		OBJ_12 /* main.swift */ = {isa = PBXFileReference; lastKnownFileType = sourcecode.swift; path = main.swift; sourceTree = "<group>"; };
		OBJ_14 /* Commander.swift */ = {isa = PBXFileReference; lastKnownFileType = sourcecode.swift; path = Commander.swift; sourceTree = "<group>"; };
		OBJ_18 /* MayonFrameworkTests.swift */ = {isa = PBXFileReference; lastKnownFileType = sourcecode.swift; path = MayonFrameworkTests.swift; sourceTree = "<group>"; };
		OBJ_21 /* ArgumentList.swift */ = {isa = PBXFileReference; lastKnownFileType = sourcecode.swift; path = ArgumentList.swift; sourceTree = "<group>"; };
		OBJ_22 /* ArgumentListManipulator.swift */ = {isa = PBXFileReference; lastKnownFileType = sourcecode.swift; path = ArgumentListManipulator.swift; sourceTree = "<group>"; };
		OBJ_23 /* ChainableCommand.swift */ = {isa = PBXFileReference; lastKnownFileType = sourcecode.swift; path = ChainableCommand.swift; sourceTree = "<group>"; };
		OBJ_24 /* CLI.swift */ = {isa = PBXFileReference; lastKnownFileType = sourcecode.swift; path = CLI.swift; sourceTree = "<group>"; };
		OBJ_25 /* Command.swift */ = {isa = PBXFileReference; lastKnownFileType = sourcecode.swift; path = Command.swift; sourceTree = "<group>"; };
		OBJ_26 /* CommandMessageGenerator.swift */ = {isa = PBXFileReference; lastKnownFileType = sourcecode.swift; path = CommandMessageGenerator.swift; sourceTree = "<group>"; };
		OBJ_27 /* CommandSignature.swift */ = {isa = PBXFileReference; lastKnownFileType = sourcecode.swift; path = CommandSignature.swift; sourceTree = "<group>"; };
		OBJ_28 /* GlobalOptions.swift */ = {isa = PBXFileReference; lastKnownFileType = sourcecode.swift; path = GlobalOptions.swift; sourceTree = "<group>"; };
		OBJ_29 /* HelpCommand.swift */ = {isa = PBXFileReference; lastKnownFileType = sourcecode.swift; path = HelpCommand.swift; sourceTree = "<group>"; };
		OBJ_30 /* Input.swift */ = {isa = PBXFileReference; lastKnownFileType = sourcecode.swift; path = Input.swift; sourceTree = "<group>"; };
		OBJ_31 /* LightweightCommand.swift */ = {isa = PBXFileReference; lastKnownFileType = sourcecode.swift; path = LightweightCommand.swift; sourceTree = "<group>"; };
		OBJ_32 /* Option.swift */ = {isa = PBXFileReference; lastKnownFileType = sourcecode.swift; path = Option.swift; sourceTree = "<group>"; };
		OBJ_33 /* OptionGroup.swift */ = {isa = PBXFileReference; lastKnownFileType = sourcecode.swift; path = OptionGroup.swift; sourceTree = "<group>"; };
		OBJ_34 /* OptionRecognizer.swift */ = {isa = PBXFileReference; lastKnownFileType = sourcecode.swift; path = OptionRecognizer.swift; sourceTree = "<group>"; };
		OBJ_35 /* OptionRegistry.swift */ = {isa = PBXFileReference; lastKnownFileType = sourcecode.swift; path = OptionRegistry.swift; sourceTree = "<group>"; };
		OBJ_36 /* Output.swift */ = {isa = PBXFileReference; lastKnownFileType = sourcecode.swift; path = Output.swift; sourceTree = "<group>"; };
		OBJ_37 /* Parameter.swift */ = {isa = PBXFileReference; lastKnownFileType = sourcecode.swift; path = Parameter.swift; sourceTree = "<group>"; };
		OBJ_38 /* ParameterFiller.swift */ = {isa = PBXFileReference; lastKnownFileType = sourcecode.swift; path = ParameterFiller.swift; sourceTree = "<group>"; };
		OBJ_39 /* Router.swift */ = {isa = PBXFileReference; lastKnownFileType = sourcecode.swift; path = Router.swift; sourceTree = "<group>"; };
		OBJ_40 /* VersionCommand.swift */ = {isa = PBXFileReference; lastKnownFileType = sourcecode.swift; path = VersionCommand.swift; sourceTree = "<group>"; };
		OBJ_43 /* MayonFramework.framework */ = {isa = PBXFileReference; explicitFileType = wrapper.framework; path = MayonFramework.framework; sourceTree = BUILT_PRODUCTS_DIR; };
		OBJ_44 /* mayon */ = {isa = PBXFileReference; explicitFileType = "compiled.mach-o.executable"; path = mayon; sourceTree = BUILT_PRODUCTS_DIR; };
		OBJ_6 /* Package.swift */ = {isa = PBXFileReference; explicitFileType = sourcecode.swift; path = Package.swift; sourceTree = "<group>"; };
/* End PBXFileReference section */

/* Begin PBXFrameworksBuildPhase section */
		OBJ_78 /* Frameworks */ = {
			isa = PBXFrameworksBuildPhase;
			buildActionMask = 0;
			files = (
			);
			runOnlyForDeploymentPostprocessing = 0;
		};
		OBJ_89 /* Frameworks */ = {
			isa = PBXFrameworksBuildPhase;
			buildActionMask = 0;
			files = (
				AB9777C21ED7A10E00222EAC /* MayonFramework.framework in Frameworks */,
			);
			runOnlyForDeploymentPostprocessing = 0;
		};
/* End PBXFrameworksBuildPhase section */

/* Begin PBXGroup section */
		AB1D26FC1ED8D41F007C46C2 /* Discovery */ = {
			isa = PBXGroup;
			children = (
				AB1D26FD1ED8D41F007C46C2 /* Discover.swift */,
			);
			path = Discovery;
			sourceTree = "<group>";
		};
		AB1D27011ED8D4AF007C46C2 /* Platform */ = {
			isa = PBXGroup;
			children = (
				AB1D27111ED8F1D0007C46C2 /* Apple */,
				AB1D27121ED8F1D0007C46C2 /* Android */,
				AB1D27021ED8D4B5007C46C2 /* Platform.swift */,
			);
			path = Platform;
			sourceTree = "<group>";
		};
		AB1D27041ED8D83A007C46C2 /* Common */ = {
			isa = PBXGroup;
			children = (
				AB1D270D1ED8E255007C46C2 /* Options */,
				AB1D27051ED8D849007C46C2 /* Discovery.swift */,
				AB1D27071ED8E084007C46C2 /* CommandBus.swift */,
				AB1D271A1ED8F33F007C46C2 /* Device.swift */,
				AB1D271C1ED8F516007C46C2 /* Finder.swift */,
			);
			path = Common;
			sourceTree = "<group>";
		};
		AB1D270D1ED8E255007C46C2 /* Options */ = {
			isa = PBXGroup;
			children = (
				AB1D270E1ED8E26F007C46C2 /* DiscoveryOption.swift */,
			);
			path = Options;
			sourceTree = "<group>";
		};
		AB1D27101ED8F030007C46C2 /* Mayon */ = {
			isa = PBXGroup;
			children = (
			);
			name = Mayon;
			path = Tests/Mayon;
			sourceTree = "<group>";
		};
		AB1D27111ED8F1D0007C46C2 /* Apple */ = {
			isa = PBXGroup;
			children = (
				ABD3DC901EDB72A5006CABEE /* MobileDevice */,
				AB1D27131ED8F1EB007C46C2 /* IOSFinder.swift */,
			);
			path = Apple;
			sourceTree = "<group>";
		};
		AB1D27121ED8F1D0007C46C2 /* Android */ = {
			isa = PBXGroup;
			children = (
				AB1D27151ED8F201007C46C2 /* AndroidFinder.swift */,
			);
			path = Android;
			sourceTree = "<group>";
		};
		AB1D27171ED8F30A007C46C2 /* Protocol */ = {
			isa = PBXGroup;
			children = (
				AB1D27181ED8F315007C46C2 /* FinderProtocol.swift */,
			);
			path = Protocol;
			sourceTree = "<group>";
		};
		AB9777C31ED7B49C00222EAC /* Supporting files */ = {
			isa = PBXGroup;
			children = (
				AB9777C41ED7B49C00222EAC /* Info.plist */,
			);
			name = "Supporting files";
			path = "Sources/mayon/Supporting files";
			sourceTree = "<group>";
		};
		ABD3DC901EDB72A5006CABEE /* MobileDevice */ = {
			isa = PBXGroup;
			children = (
				ABD3DC911EDB72A5006CABEE /* MobileDevice-Bridging-Header.h */,
				ABD3DC921EDB72A5006CABEE /* MobileDevice.h */,
			);
			path = MobileDevice;
			sourceTree = "<group>";
		};
		OBJ_11 /* mayon */ = {
			isa = PBXGroup;
			children = (
				OBJ_12 /* main.swift */,
				OBJ_13 /* Commands */,
			);
			name = mayon;
			path = Sources/mayon;
			sourceTree = SOURCE_ROOT;
		};
		OBJ_13 /* Commands */ = {
			isa = PBXGroup;
			children = (
				OBJ_14 /* Commander.swift */,
				AB1D26FC1ED8D41F007C46C2 /* Discovery */,
			);
			path = Commands;
			sourceTree = "<group>";
		};
		OBJ_16 /* Tests */ = {
			isa = PBXGroup;
			children = (
				AB1D27101ED8F030007C46C2 /* Mayon */,
				OBJ_17 /* MayonFrameworkTests */,
			);
			name = Tests;
			sourceTree = SOURCE_ROOT;
		};
		OBJ_17 /* MayonFrameworkTests */ = {
			isa = PBXGroup;
			children = (
				OBJ_18 /* MayonFrameworkTests.swift */,
			);
			name = MayonFrameworkTests;
			path = Tests/MayonFrameworkTests;
			sourceTree = SOURCE_ROOT;
		};
		OBJ_19 /* Dependencies */ = {
			isa = PBXGroup;
			children = (
				OBJ_20 /* SwiftCLI 3.0.1 */,
			);
			name = Dependencies;
			sourceTree = "<group>";
		};
		OBJ_20 /* SwiftCLI 3.0.1 */ = {
			isa = PBXGroup;
			children = (
				OBJ_21 /* ArgumentList.swift */,
				OBJ_22 /* ArgumentListManipulator.swift */,
				OBJ_23 /* ChainableCommand.swift */,
				OBJ_24 /* CLI.swift */,
				OBJ_25 /* Command.swift */,
				OBJ_26 /* CommandMessageGenerator.swift */,
				OBJ_27 /* CommandSignature.swift */,
				OBJ_28 /* GlobalOptions.swift */,
				OBJ_29 /* HelpCommand.swift */,
				OBJ_30 /* Input.swift */,
				OBJ_31 /* LightweightCommand.swift */,
				OBJ_32 /* Option.swift */,
				OBJ_33 /* OptionGroup.swift */,
				OBJ_34 /* OptionRecognizer.swift */,
				OBJ_35 /* OptionRegistry.swift */,
				OBJ_36 /* Output.swift */,
				OBJ_37 /* Parameter.swift */,
				OBJ_38 /* ParameterFiller.swift */,
				OBJ_39 /* Router.swift */,
				OBJ_40 /* VersionCommand.swift */,
			);
			name = "SwiftCLI 3.0.1";
			path = ".build/checkouts/SwiftCLI-8466703425035036135/Sources";
			sourceTree = SOURCE_ROOT;
		};
		OBJ_41 /* Products */ = {
			isa = PBXGroup;
			children = (
				OBJ_43 /* MayonFramework.framework */,
				OBJ_44 /* mayon */,
			);
			name = Products;
			sourceTree = BUILT_PRODUCTS_DIR;
		};
		OBJ_5 = {
			isa = PBXGroup;
			children = (
				OBJ_6 /* Package.swift */,
				OBJ_7 /* Sources */,
				OBJ_16 /* Tests */,
				OBJ_19 /* Dependencies */,
				OBJ_41 /* Products */,
			);
			sourceTree = "<group>";
		};
		OBJ_7 /* Sources */ = {
			isa = PBXGroup;
			children = (
				OBJ_8 /* MayonFramework */,
				OBJ_11 /* mayon */,
				AB9777C31ED7B49C00222EAC /* Supporting files */,
			);
			name = Sources;
			sourceTree = SOURCE_ROOT;
		};
		OBJ_8 /* MayonFramework */ = {
			isa = PBXGroup;
			children = (
				AB1D27171ED8F30A007C46C2 /* Protocol */,
				AB1D27041ED8D83A007C46C2 /* Common */,
				AB1D27011ED8D4AF007C46C2 /* Platform */,
				OBJ_9 /* Helper */,
			);
			name = MayonFramework;
			path = Sources/MayonFramework;
			sourceTree = SOURCE_ROOT;
		};
		OBJ_9 /* Helper */ = {
			isa = PBXGroup;
			children = (
				OBJ_10 /* Version.swift */,
			);
			path = Helper;
			sourceTree = "<group>";
		};
/* End PBXGroup section */

/* Begin PBXNativeTarget section */
		OBJ_72 /* MayonFramework */ = {
			isa = PBXNativeTarget;
			buildConfigurationList = OBJ_73 /* Build configuration list for PBXNativeTarget "MayonFramework" */;
			buildPhases = (
				OBJ_76 /* Sources */,
				OBJ_78 /* Frameworks */,
			);
			buildRules = (
			);
			dependencies = (
			);
			name = MayonFramework;
			productName = MayonFramework;
			productReference = OBJ_43 /* MayonFramework.framework */;
			productType = "com.apple.product-type.framework";
		};
		OBJ_81 /* mayon */ = {
			isa = PBXNativeTarget;
			buildConfigurationList = OBJ_82 /* Build configuration list for PBXNativeTarget "mayon" */;
			buildPhases = (
				OBJ_85 /* Sources */,
				OBJ_89 /* Frameworks */,
				AB9777C51ED7B4DC00222EAC /* Swift Build */,
				AB9777C61ED7B4ED00222EAC /* Swiftlint */,
			);
			buildRules = (
			);
			dependencies = (
			);
			name = mayon;
			productName = mayon;
			productReference = OBJ_44 /* mayon */;
			productType = "com.apple.product-type.tool";
		};
/* End PBXNativeTarget section */

/* Begin PBXProject section */
		OBJ_1 /* Project object */ = {
			isa = PBXProject;
			attributes = {
				LastUpgradeCheck = 9999;
			};
			buildConfigurationList = OBJ_2 /* Build configuration list for PBXProject "Mayon" */;
			compatibilityVersion = "Xcode 3.2";
			developmentRegion = English;
			hasScannedForEncodings = 0;
			knownRegions = (
				en,
			);
			mainGroup = OBJ_5;
			productRefGroup = OBJ_41 /* Products */;
			projectDirPath = "";
			projectRoot = "";
			targets = (
				OBJ_81 /* mayon */,
				OBJ_72 /* MayonFramework */,
			);
		};
/* End PBXProject section */

/* Begin PBXShellScriptBuildPhase section */
		AB9777C51ED7B4DC00222EAC /* Swift Build */ = {
			isa = PBXShellScriptBuildPhase;
			buildActionMask = 2147483647;
			files = (
			);
			inputPaths = (
			);
			name = "Swift Build";
			outputPaths = (
			);
			runOnlyForDeploymentPostprocessing = 0;
			shellPath = /bin/sh;
			shellScript = ./Scripts/Build;
		};
		AB9777C61ED7B4ED00222EAC /* Swiftlint */ = {
			isa = PBXShellScriptBuildPhase;
			buildActionMask = 2147483647;
			files = (
			);
			inputPaths = (
			);
			name = Swiftlint;
			outputPaths = (
			);
			runOnlyForDeploymentPostprocessing = 0;
			shellPath = /bin/sh;
			shellScript = "if which swiftlint >/dev/null; then\n    swiftlint lint --path Sources\nelse\n    echo \"warning: SwiftLint not installed, download from https://github.com/realm/SwiftLint\"\nfi";
		};
/* End PBXShellScriptBuildPhase section */

/* Begin PBXSourcesBuildPhase section */
		OBJ_76 /* Sources */ = {
			isa = PBXSourcesBuildPhase;
			buildActionMask = 0;
			files = (
				AB1D27191ED8F315007C46C2 /* FinderProtocol.swift in Sources */,
				AB1D27091ED8E191007C46C2 /* CommandBus.swift in Sources */,
				AB1D27141ED8F1EB007C46C2 /* IOSFinder.swift in Sources */,
				AB1D270F1ED8E26F007C46C2 /* DiscoveryOption.swift in Sources */,
				AB1D270B1ED8E1A8007C46C2 /* Discovery.swift in Sources */,
				AB1D271D1ED8F516007C46C2 /* Finder.swift in Sources */,
				AB1D27031ED8D4B5007C46C2 /* Platform.swift in Sources */,
				OBJ_77 /* Version.swift in Sources */,
				AB1D27161ED8F201007C46C2 /* AndroidFinder.swift in Sources */,
				AB1D271B1ED8F33F007C46C2 /* Device.swift in Sources */,
			);
			runOnlyForDeploymentPostprocessing = 0;
		};
		OBJ_85 /* Sources */ = {
			isa = PBXSourcesBuildPhase;
			buildActionMask = 0;
			files = (
				AB1D26FE1ED8D41F007C46C2 /* Discover.swift in Sources */,
				OBJ_86 /* main.swift in Sources */,
				OBJ_87 /* Commander.swift in Sources */,
			);
			runOnlyForDeploymentPostprocessing = 0;
		};
/* End PBXSourcesBuildPhase section */

/* Begin XCBuildConfiguration section */
		OBJ_3 /* Debug */ = {
			isa = XCBuildConfiguration;
			buildSettings = {
				CLANG_ENABLE_OBJC_ARC = YES;
				COMBINE_HIDPI_IMAGES = YES;
				COPY_PHASE_STRIP = NO;
				DEBUG_INFORMATION_FORMAT = dwarf;
				DYLIB_INSTALL_NAME_BASE = "@rpath";
				ENABLE_NS_ASSERTIONS = YES;
				GCC_OPTIMIZATION_LEVEL = 0;
				MACOSX_DEPLOYMENT_TARGET = 10.9;
				ONLY_ACTIVE_ARCH = YES;
				OTHER_SWIFT_FLAGS = "-DXcode";
				PRODUCT_NAME = "$(TARGET_NAME)";
				SDKROOT = macosx;
				SUPPORTED_PLATFORMS = macosx;
				SWIFT_ACTIVE_COMPILATION_CONDITIONS = SWIFT_PACKAGE;
				SWIFT_OPTIMIZATION_LEVEL = "-Onone";
				SWIFT_VERSION = 3.0;
				USE_HEADERMAP = NO;
			};
			name = Debug;
		};
		OBJ_4 /* Release */ = {
			isa = XCBuildConfiguration;
			buildSettings = {
				CLANG_ENABLE_OBJC_ARC = YES;
				COMBINE_HIDPI_IMAGES = YES;
				COPY_PHASE_STRIP = YES;
				DEBUG_INFORMATION_FORMAT = "dwarf-with-dsym";
				DYLIB_INSTALL_NAME_BASE = "@rpath";
				GCC_OPTIMIZATION_LEVEL = s;
				MACOSX_DEPLOYMENT_TARGET = 10.9;
				OTHER_SWIFT_FLAGS = "-DXcode";
				PRODUCT_NAME = "$(TARGET_NAME)";
				SDKROOT = macosx;
				SUPPORTED_PLATFORMS = macosx;
				SWIFT_ACTIVE_COMPILATION_CONDITIONS = SWIFT_PACKAGE;
				SWIFT_OPTIMIZATION_LEVEL = "-Owholemodule";
				SWIFT_VERSION = 3.0;
				USE_HEADERMAP = NO;
			};
			name = Release;
		};
		OBJ_74 /* Debug */ = {
			isa = XCBuildConfiguration;
			buildSettings = {
				ENABLE_TESTABILITY = YES;
				FRAMEWORK_SEARCH_PATHS = (
					"$(inherited)",
					"$(PLATFORM_DIR)/Developer/Library/Frameworks",
				);
				HEADER_SEARCH_PATHS = "$(inherited)";
				INFOPLIST_FILE = Mayon.xcodeproj/MayonFramework_Info.plist;
				LD_RUNPATH_SEARCH_PATHS = "$(TOOLCHAIN_DIR)/usr/lib/swift/macosx";
				MACOSX_DEPLOYMENT_TARGET = 10.10;
				OTHER_LDFLAGS = (
					"$(inherited)",
					"-framework",
					MobileDevice,
					"-F/System/Library/PrivateFrameworks",
				);
				OTHER_SWIFT_FLAGS = "$(inherited)";
				PRODUCT_BUNDLE_IDENTIFIER = MayonFramework;
				PRODUCT_MODULE_NAME = "$(TARGET_NAME:c99extidentifier)";
				PRODUCT_NAME = "$(TARGET_NAME:c99extidentifier)";
				SKIP_INSTALL = YES;
				SWIFT_OBJC_BRIDGING_HEADER = "$(SRCROOT)/Sources/MayonFramework/Platform/Apple/MobileDevice/MobileDevice-Bridging-Header.h";
				TARGET_NAME = MayonFramework;
			};
			name = Debug;
		};
		OBJ_75 /* Release */ = {
			isa = XCBuildConfiguration;
			buildSettings = {
				ENABLE_TESTABILITY = YES;
				FRAMEWORK_SEARCH_PATHS = (
					"$(inherited)",
					"$(PLATFORM_DIR)/Developer/Library/Frameworks",
				);
				HEADER_SEARCH_PATHS = "$(inherited)";
				INFOPLIST_FILE = Mayon.xcodeproj/MayonFramework_Info.plist;
				LD_RUNPATH_SEARCH_PATHS = "$(TOOLCHAIN_DIR)/usr/lib/swift/macosx";
				MACOSX_DEPLOYMENT_TARGET = 10.10;
				OTHER_LDFLAGS = (
					"$(inherited)",
					"-framework",
					MobileDevice,
					"-F/System/Library/PrivateFrameworks",
				);
				OTHER_SWIFT_FLAGS = "$(inherited)";
				PRODUCT_BUNDLE_IDENTIFIER = MayonFramework;
				PRODUCT_MODULE_NAME = "$(TARGET_NAME:c99extidentifier)";
				PRODUCT_NAME = "$(TARGET_NAME:c99extidentifier)";
				SKIP_INSTALL = YES;
				SWIFT_OBJC_BRIDGING_HEADER = "$(SRCROOT)/Sources/MayonFramework/Platform/Apple/MobileDevice/MobileDevice-Bridging-Header.h";
				TARGET_NAME = MayonFramework;
			};
			name = Release;
		};
		OBJ_83 /* Debug */ = {
			isa = XCBuildConfiguration;
			buildSettings = {
				FRAMEWORK_SEARCH_PATHS = (
					"$(inherited)",
					"$(PLATFORM_DIR)/Developer/Library/Frameworks",
				);
				HEADER_SEARCH_PATHS = "$(inherited)";
				INFOPLIST_FILE = "$(SRCROOT)/Sources/mayon/Supporting files/Info.plist";
				LD_RUNPATH_SEARCH_PATHS = "$(TOOLCHAIN_DIR)/usr/lib/swift/macosx @executable_path";
				MACOSX_DEPLOYMENT_TARGET = 10.10;
				OTHER_LDFLAGS = (
					"$(inherited)",
					"-sectcreate",
					__TEXT,
					__info_plist,
					"$(INFOPLIST_FILE)",
				);
				OTHER_SWIFT_FLAGS = "$(inherited)";
				PRODUCT_BUNDLE_IDENTIFIER = com.uniqlabs.mayon;
				SWIFT_FORCE_DYNAMIC_LINK_STDLIB = YES;
				SWIFT_FORCE_STATIC_LINK_STDLIB = NO;
				TARGET_NAME = mayon;
			};
			name = Debug;
		};
		OBJ_84 /* Release */ = {
			isa = XCBuildConfiguration;
			buildSettings = {
				FRAMEWORK_SEARCH_PATHS = (
					"$(inherited)",
					"$(PLATFORM_DIR)/Developer/Library/Frameworks",
				);
				HEADER_SEARCH_PATHS = "$(inherited)";
				INFOPLIST_FILE = "$(SRCROOT)/Sources/mayon/Supporting files/Info.plist";
				LD_RUNPATH_SEARCH_PATHS = "$(TOOLCHAIN_DIR)/usr/lib/swift/macosx @executable_path";
				MACOSX_DEPLOYMENT_TARGET = 10.10;
				OTHER_LDFLAGS = (
					"$(inherited)",
					"-sectcreate",
					__TEXT,
					__info_plist,
					"$(INFOPLIST_FILE)",
				);
				OTHER_SWIFT_FLAGS = "$(inherited)";
				PRODUCT_BUNDLE_IDENTIFIER = com.uniqlabs.mayon;
				SWIFT_FORCE_DYNAMIC_LINK_STDLIB = YES;
				SWIFT_FORCE_STATIC_LINK_STDLIB = NO;
				TARGET_NAME = mayon;
			};
			name = Release;
		};
/* End XCBuildConfiguration section */

/* Begin XCConfigurationList section */
		OBJ_2 /* Build configuration list for PBXProject "Mayon" */ = {
			isa = XCConfigurationList;
			buildConfigurations = (
				OBJ_3 /* Debug */,
				OBJ_4 /* Release */,
			);
			defaultConfigurationIsVisible = 0;
			defaultConfigurationName = Debug;
		};
		OBJ_73 /* Build configuration list for PBXNativeTarget "MayonFramework" */ = {
			isa = XCConfigurationList;
			buildConfigurations = (
				OBJ_74 /* Debug */,
				OBJ_75 /* Release */,
			);
			defaultConfigurationIsVisible = 0;
			defaultConfigurationName = Debug;
		};
		OBJ_82 /* Build configuration list for PBXNativeTarget "mayon" */ = {
			isa = XCConfigurationList;
			buildConfigurations = (
				OBJ_83 /* Debug */,
				OBJ_84 /* Release */,
			);
			defaultConfigurationIsVisible = 0;
			defaultConfigurationName = Debug;
		};
/* End XCConfigurationList section */
	};
	rootObject = OBJ_1 /* Project object */;
}
